
Microsoft Visual Studio Solution File, Format Version 12.00
# Visual Studio Version 17
VisualStudioVersion = 17.9.34728.123
MinimumVisualStudioVersion = 10.0.40219.1
Project("{FAE04EC0-301F-11D3-BF4B-00C04F79EFBC}") = "Denizen", "Denizen.csproj", "{893E1CE2-BC30-47DF-9184-BC03456D7F71}"
EndProject
Global
	GlobalSection(SolutionConfigurationPlatforms) = preSolution
		Debug|Any CPU = Debug|Any CPU
		Release|Any CPU = Release|Any CPU
	EndGlobalSection
	GlobalSection(ProjectConfigurationPlatforms) = postSolution
		{893E1CE2-BC30-47DF-9184-BC03456D7F71}.Debug|Any CPU.ActiveCfg = Debug|Any CPU
		{893E1CE2-BC30-47DF-9184-BC03456D7F71}.Debug|Any CPU.Build.0 = Debug|Any CPU
		{893E1CE2-BC30-47DF-9184-BC03456D7F71}.Release|Any CPU.ActiveCfg = Release|Any CPU
		{893E1CE2-BC30-47DF-9184-BC03456D7F71}.Release|Any CPU.Build.0 = Release|Any CPU
	EndGlobalSection
	GlobalSection(SolutionProperties) = preSolution
		HideSolutionNode = FALSE
	EndGlobalSection
	GlobalSection(ExtensibilityGlobals) = postSolution
		SolutionGuid = {04B712E3-29A6-46F4-B9BD-9AB5D76FC12B}
	EndGlobalSection
EndGlobal
